
Microsoft Visual Studio Solution File, Format Version 12.00
# Visual Studio Version 16
VisualStudioVersion = 16.0.30330.147
MinimumVisualStudioVersion = 10.0.40219.1
Project("{FAE04EC0-301F-11D3-BF4B-00C04F79EFBC}") = "GUINumberBaseCalculator", "GUINumberBaseCalculator\GUINumberBaseCalculator.csproj", "{26A1DF34-6F12-4675-B0D7-1F9D22F7E415}"
EndProject
Project("{FAE04EC0-301F-11D3-BF4B-00C04F79EFBC}") = "NumberBaseConvertionLibrary", "NumberBaseConvertionLibrary\NumberBaseConvertionLibrary.csproj", "{D7C80EF7-DED8-44C3-AD87-876854112D9A}"
EndProject
Project("{FAE04EC0-301F-11D3-BF4B-00C04F79EFBC}") = "NumberBaseConvertionLibraryUnitTest", "NumberBaseConvertionLibraryUnitTest\NumberBaseConvertionLibraryUnitTest.csproj", "{C537651D-E3A1-4758-95E8-893B675D6FAB}"
EndProject
Global
	GlobalSection(SolutionConfigurationPlatforms) = preSolution
		Debug|Any CPU = Debug|Any CPU
		Release|Any CPU = Release|Any CPU
	EndGlobalSection
	GlobalSection(ProjectConfigurationPlatforms) = postSolution
		{26A1DF34-6F12-4675-B0D7-1F9D22F7E415}.Debug|Any CPU.ActiveCfg = Debug|Any CPU
		{26A1DF34-6F12-4675-B0D7-1F9D22F7E415}.Debug|Any CPU.Build.0 = Debug|Any CPU
		{26A1DF34-6F12-4675-B0D7-1F9D22F7E415}.Release|Any CPU.ActiveCfg = Release|Any CPU
		{26A1DF34-6F12-4675-B0D7-1F9D22F7E415}.Release|Any CPU.Build.0 = Release|Any CPU
		{D7C80EF7-DED8-44C3-AD87-876854112D9A}.Debug|Any CPU.ActiveCfg = Debug|Any CPU
		{D7C80EF7-DED8-44C3-AD87-876854112D9A}.Debug|Any CPU.Build.0 = Debug|Any CPU
		{D7C80EF7-DED8-44C3-AD87-876854112D9A}.Release|Any CPU.ActiveCfg = Release|Any CPU
		{D7C80EF7-DED8-44C3-AD87-876854112D9A}.Release|Any CPU.Build.0 = Release|Any CPU
		{C537651D-E3A1-4758-95E8-893B675D6FAB}.Debug|Any CPU.ActiveCfg = Debug|Any CPU
		{C537651D-E3A1-4758-95E8-893B675D6FAB}.Debug|Any CPU.Build.0 = Debug|Any CPU
		{C537651D-E3A1-4758-95E8-893B675D6FAB}.Release|Any CPU.ActiveCfg = Release|Any CPU
		{C537651D-E3A1-4758-95E8-893B675D6FAB}.Release|Any CPU.Build.0 = Release|Any CPU
	EndGlobalSection
	GlobalSection(SolutionProperties) = preSolution
		HideSolutionNode = FALSE
	EndGlobalSection
	GlobalSection(ExtensibilityGlobals) = postSolution
		SolutionGuid = {48B6C616-F5E8-48A7-99C9-AB68BEC78731}
	EndGlobalSection
EndGlobal
